
Microsoft Visual Studio Solution File, Format Version 12.00
# Visual Studio 15
Project("{FAE04EC0-301F-11D3-BF4B-00C04F79EFBC}") = "Assembly-CSharp", "Assembly-CSharp.csproj", "{C0080C21-1A87-D80D-6DF3-028941C361BE}"
EndProject
Project("{FAE04EC0-301F-11D3-BF4B-00C04F79EFBC}") = "Assembly-CSharp-Editor", "Assembly-CSharp-Editor.csproj", "{C301C91E-01AE-E774-1A8F-7622A982036E}"
EndProject
Global
	GlobalSection(SolutionConfigurationPlatforms) = preSolution
		Debug|Any CPU = Debug|Any CPU
		Release|Any CPU = Release|Any CPU
	EndGlobalSection
	GlobalSection(ProjectConfigurationPlatforms) = postSolution
		{C0080C21-1A87-D80D-6DF3-028941C361BE}.Debug|Any CPU.ActiveCfg = Debug|Any CPU
		{C0080C21-1A87-D80D-6DF3-028941C361BE}.Debug|Any CPU.Build.0 = Debug|Any CPU
		{C0080C21-1A87-D80D-6DF3-028941C361BE}.Release|Any CPU.ActiveCfg = Release|Any CPU
		{C0080C21-1A87-D80D-6DF3-028941C361BE}.Release|Any CPU.Build.0 = Release|Any CPU
		{C301C91E-01AE-E774-1A8F-7622A982036E}.Debug|Any CPU.ActiveCfg = Debug|Any CPU
		{C301C91E-01AE-E774-1A8F-7622A982036E}.Debug|Any CPU.Build.0 = Debug|Any CPU
		{C301C91E-01AE-E774-1A8F-7622A982036E}.Release|Any CPU.ActiveCfg = Release|Any CPU
		{C301C91E-01AE-E774-1A8F-7622A982036E}.Release|Any CPU.Build.0 = Release|Any CPU
	EndGlobalSection
	GlobalSection(SolutionProperties) = preSolution
		HideSolutionNode = FALSE
	EndGlobalSection
EndGlobal
